
Microsoft Visual Studio Solution File, Format Version 11.00
# Visual Studio 2010
Project("{8BC9CEB8-8B4A-11D0-8D11-00A0C91BC942}") = "Green Lane LV", "Green Lane LV\Green Lane LV.vcxproj", "{E10F1E26-C840-404E-8DF7-9B6B5C4126C7}"
EndProject
Global
	GlobalSection(SolutionConfigurationPlatforms) = preSolution
		Debug|Win32 = Debug|Win32
		Release|Win32 = Release|Win32
	EndGlobalSection
	GlobalSection(ProjectConfigurationPlatforms) = postSolution
		{E10F1E26-C840-404E-8DF7-9B6B5C4126C7}.Debug|Win32.ActiveCfg = Debug|Win32
		{E10F1E26-C840-404E-8DF7-9B6B5C4126C7}.Debug|Win32.Build.0 = Debug|Win32
		{E10F1E26-C840-404E-8DF7-9B6B5C4126C7}.Release|Win32.ActiveCfg = Release|Win32
		{E10F1E26-C840-404E-8DF7-9B6B5C4126C7}.Release|Win32.Build.0 = Release|Win32
	EndGlobalSection
	GlobalSection(SolutionProperties) = preSolution
		HideSolutionNode = FALSE
	EndGlobalSection
EndGlobal
